
Microsoft Visual Studio Solution File, Format Version 12.00
# Visual Studio Version 16
VisualStudioVersion = 16.0.30413.136
MinimumVisualStudioVersion = 10.0.40219.1
Project("{FAE04EC0-301F-11D3-BF4B-00C04F79EFBC}") = "MusicStore", "MusicStore.csproj", "{2093EC00-BABE-42BD-AAE8-30C428774F05}"
EndProject
Global
	GlobalSection(SolutionConfigurationPlatforms) = preSolution
		Debug|Any CPU = Debug|Any CPU
		Release|Any CPU = Release|Any CPU
	EndGlobalSection
	GlobalSection(ProjectConfigurationPlatforms) = postSolution
		{2093EC00-BABE-42BD-AAE8-30C428774F05}.Debug|Any CPU.ActiveCfg = Debug|Any CPU
		{2093EC00-BABE-42BD-AAE8-30C428774F05}.Debug|Any CPU.Build.0 = Debug|Any CPU
		{2093EC00-BABE-42BD-AAE8-30C428774F05}.Release|Any CPU.ActiveCfg = Release|Any CPU
		{2093EC00-BABE-42BD-AAE8-30C428774F05}.Release|Any CPU.Build.0 = Release|Any CPU
	EndGlobalSection
	GlobalSection(SolutionProperties) = preSolution
		HideSolutionNode = FALSE
	EndGlobalSection
	GlobalSection(ExtensibilityGlobals) = postSolution
		SolutionGuid = {8FBD7333-A497-45F6-8F49-F1D5F625EECA}
	EndGlobalSection
EndGlobal
